
Microsoft Visual Studio Solution File, Format Version 12.00
# Visual Studio Version 17
VisualStudioVersion = 17.9.34728.123
MinimumVisualStudioVersion = 10.0.40219.1
Project("{FAE04EC0-301F-11D3-BF4B-00C04F79EFBC}") = "Practica4", "Practica4\Practica4.csproj", "{3B964DD6-2BAE-49FB-BBF7-666433B57BA9}"
EndProject
Global
	GlobalSection(SolutionConfigurationPlatforms) = preSolution
		Debug|Any CPU = Debug|Any CPU
		Release|Any CPU = Release|Any CPU
	EndGlobalSection
	GlobalSection(ProjectConfigurationPlatforms) = postSolution
		{3B964DD6-2BAE-49FB-BBF7-666433B57BA9}.Debug|Any CPU.ActiveCfg = Debug|Any CPU
		{3B964DD6-2BAE-49FB-BBF7-666433B57BA9}.Debug|Any CPU.Build.0 = Debug|Any CPU
		{3B964DD6-2BAE-49FB-BBF7-666433B57BA9}.Release|Any CPU.ActiveCfg = Release|Any CPU
		{3B964DD6-2BAE-49FB-BBF7-666433B57BA9}.Release|Any CPU.Build.0 = Release|Any CPU
	EndGlobalSection
	GlobalSection(SolutionProperties) = preSolution
		HideSolutionNode = FALSE
	EndGlobalSection
	GlobalSection(ExtensibilityGlobals) = postSolution
		SolutionGuid = {405D90E1-1013-4E77-8C90-050BEC78F5BA}
	EndGlobalSection
EndGlobal
